
Microsoft Visual Studio Solution File, Format Version 12.00
# Visual Studio Version 17
VisualStudioVersion = 17.5.33402.96
MinimumVisualStudioVersion = 10.0.40219.1
Project("{FAE04EC0-301F-11D3-BF4B-00C04F79EFBC}") = "ASPlayground", "ASPlayground\ASPlayground.csproj", "{47F5A438-A61C-4D50-876C-81DA7C602B91}"
EndProject
Global
	GlobalSection(SolutionConfigurationPlatforms) = preSolution
		Debug|Any CPU = Debug|Any CPU
		Release|Any CPU = Release|Any CPU
	EndGlobalSection
	GlobalSection(ProjectConfigurationPlatforms) = postSolution
		{47F5A438-A61C-4D50-876C-81DA7C602B91}.Debug|Any CPU.ActiveCfg = Debug|Any CPU
		{47F5A438-A61C-4D50-876C-81DA7C602B91}.Debug|Any CPU.Build.0 = Debug|Any CPU
		{47F5A438-A61C-4D50-876C-81DA7C602B91}.Release|Any CPU.ActiveCfg = Release|Any CPU
		{47F5A438-A61C-4D50-876C-81DA7C602B91}.Release|Any CPU.Build.0 = Release|Any CPU
	EndGlobalSection
	GlobalSection(SolutionProperties) = preSolution
		HideSolutionNode = FALSE
	EndGlobalSection
	GlobalSection(ExtensibilityGlobals) = postSolution
		SolutionGuid = {364C92DD-1885-4AC2-BD66-3E03F981878A}
	EndGlobalSection
EndGlobal
